// !$*UTF8*$!
{
	archiveVersion = 1;
	classes = {
	};
	objectVersion = 48;
	objects = {

/* Begin PBXBuildFile section */
		EB0AFAA11FD50067007B3628 /* AppDelegate.swift in Sources */ = {isa = PBXBuildFile; fileRef = EB0AFAA01FD50067007B3628 /* AppDelegate.swift */; };
		EB0AFAA31FD50067007B3628 /* ViewController.swift in Sources */ = {isa = PBXBuildFile; fileRef = EB0AFAA21FD50067007B3628 /* ViewController.swift */; };
		EB0AFAA61FD50067007B3628 /* Main.storyboard in Resources */ = {isa = PBXBuildFile; fileRef = EB0AFAA41FD50067007B3628 /* Main.storyboard */; };
		EB0AFAA81FD50067007B3628 /* Assets.xcassets in Resources */ = {isa = PBXBuildFile; fileRef = EB0AFAA71FD50067007B3628 /* Assets.xcassets */; };
		EB0AFAAB1FD50067007B3628 /* LaunchScreen.storyboard in Resources */ = {isa = PBXBuildFile; fileRef = EB0AFAA91FD50067007B3628 /* LaunchScreen.storyboard */; };
		EB0AFAB61FD50068007B3628 /* timerTests.swift in Sources */ = {isa = PBXBuildFile; fileRef = EB0AFAB51FD50068007B3628 /* timerTests.swift */; };
		EB0AFAC11FD50068007B3628 /* timerUITests.swift in Sources */ = {isa = PBXBuildFile; fileRef = EB0AFAC01FD50068007B3628 /* timerUITests.swift */; };
/* End PBXBuildFile section */

/* Begin PBXContainerItemProxy section */
		EB0AFAB21FD50067007B3628 /* PBXContainerItemProxy */ = {
			isa = PBXContainerItemProxy;
			containerPortal = EB0AFA951FD50067007B3628 /* Project object */;
			proxyType = 1;
			remoteGlobalIDString = EB0AFA9C1FD50067007B3628;
			remoteInfo = timer;
		};
		EB0AFABD1FD50068007B3628 /* PBXContainerItemProxy */ = {
			isa = PBXContainerItemProxy;
			containerPortal = EB0AFA951FD50067007B3628 /* Project object */;
			proxyType = 1;
			remoteGlobalIDString = EB0AFA9C1FD50067007B3628;
			remoteInfo = timer;
		};
/* End PBXContainerItemProxy section */

/* Begin PBXFileReference section */
		EB0AFA9D1FD50067007B3628 /* timer.app */ = {isa = PBXFileReference; explicitFileType = wrapper.application; includeInIndex = 0; path = timer.app; sourceTree = BUILT_PRODUCTS_DIR; };
		EB0AFAA01FD50067007B3628 /* AppDelegate.swift */ = {isa = PBXFileReference; lastKnownFileType = sourcecode.swift; path = AppDelegate.swift; sourceTree = "<group>"; };
		EB0AFAA21FD50067007B3628 /* ViewController.swift */ = {isa = PBXFileReference; lastKnownFileType = sourcecode.swift; path = ViewController.swift; sourceTree = "<group>"; };
		EB0AFAA51FD50067007B3628 /* Base */ = {isa = PBXFileReference; lastKnownFileType = file.storyboard; name = Base; path = Base.lproj/Main.storyboard; sourceTree = "<group>"; };
		EB0AFAA71FD50067007B3628 /* Assets.xcassets */ = {isa = PBXFileReference; lastKnownFileType = folder.assetcatalog; path = Assets.xcassets; sourceTree = "<group>"; };
		EB0AFAAA1FD50067007B3628 /* Base */ = {isa = PBXFileReference; lastKnownFileType = file.storyboard; name = Base; path = Base.lproj/LaunchScreen.storyboard; sourceTree = "<group>"; };
		EB0AFAAC1FD50067007B3628 /* Info.plist */ = {isa = PBXFileReference; lastKnownFileType = text.plist.xml; path = Info.plist; sourceTree = "<group>"; };
		EB0AFAB11FD50067007B3628 /* timerTests.xctest */ = {isa = PBXFileReference; explicitFileType = wrapper.cfbundle; includeInIndex = 0; path = timerTests.xctest; sourceTree = BUILT_PRODUCTS_DIR; };
		EB0AFAB51FD50068007B3628 /* timerTests.swift */ = {isa = PBXFileReference; lastKnownFileType = sourcecode.swift; path = timerTests.swift; sourceTree = "<group>"; };
		EB0AFAB71FD50068007B3628 /* Info.plist */ = {isa = PBXFileReference; lastKnownFileType = text.plist.xml; path = Info.plist; sourceTree = "<group>"; };
		EB0AFABC1FD50068007B3628 /* timerUITests.xctest */ = {isa = PBXFileReference; explicitFileType = wrapper.cfbundle; includeInIndex = 0; path = timerUITests.xctest; sourceTree = BUILT_PRODUCTS_DIR; };
		EB0AFAC01FD50068007B3628 /* timerUITests.swift */ = {isa = PBXFileReference; lastKnownFileType = sourcecode.swift; path = timerUITests.swift; sourceTree = "<group>"; };
		EB0AFAC21FD50068007B3628 /* Info.plist */ = {isa = PBXFileReference; lastKnownFileType = text.plist.xml; path = Info.plist; sourceTree = "<group>"; };
/* End PBXFileReference section */

/* Begin PBXFrameworksBuildPhase section */
		EB0AFA9A1FD50067007B3628 /* Frameworks */ = {
			isa = PBXFrameworksBuildPhase;
			buildActionMask = 2147483647;
			files = (
			);
			runOnlyForDeploymentPostprocessing = 0;
		};
		EB0AFAAE1FD50067007B3628 /* Frameworks */ = {
			isa = PBXFrameworksBuildPhase;
			buildActionMask = 2147483647;
			files = (
			);
			runOnlyForDeploymentPostprocessing = 0;
		};
		EB0AFAB91FD50068007B3628 /* Frameworks */ = {
			isa = PBXFrameworksBuildPhase;
			buildActionMask = 2147483647;
			files = (
			);
			runOnlyForDeploymentPostprocessing = 0;
		};
/* End PBXFrameworksBuildPhase section */

/* Begin PBXGroup section */
		EB0AFA941FD50067007B3628 = {
			isa = PBXGroup;
			children = (
				EB0AFA9F1FD50067007B3628 /* timer */,
				EB0AFAB41FD50068007B3628 /* timerTests */,
				EB0AFABF1FD50068007B3628 /* timerUITests */,
				EB0AFA9E1FD50067007B3628 /* Products */,
			);
			sourceTree = "<group>";
		};
		EB0AFA9E1FD50067007B3628 /* Products */ = {
			isa = PBXGroup;
			children = (
				EB0AFA9D1FD50067007B3628 /* timer.app */,
				EB0AFAB11FD50067007B3628 /* timerTests.xctest */,
				EB0AFABC1FD50068007B3628 /* timerUITests.xctest */,
			);
			name = Products;
			sourceTree = "<group>";
		};
		EB0AFA9F1FD50067007B3628 /* timer */ = {
			isa = PBXGroup;
			children = (
				EB0AFAA01FD50067007B3628 /* AppDelegate.swift */,
				EB0AFAA21FD50067007B3628 /* ViewController.swift */,
				EB0AFAA41FD50067007B3628 /* Main.storyboard */,
				EB0AFAA71FD50067007B3628 /* Assets.xcassets */,
				EB0AFAA91FD50067007B3628 /* LaunchScreen.storyboard */,
				EB0AFAAC1FD50067007B3628 /* Info.plist */,
			);
			path = timer;
			sourceTree = "<group>";
		};
		EB0AFAB41FD50068007B3628 /* timerTests */ = {
			isa = PBXGroup;
			children = (
				EB0AFAB51FD50068007B3628 /* timerTests.swift */,
				EB0AFAB71FD50068007B3628 /* Info.plist */,
			);
			path = timerTests;
			sourceTree = "<group>";
		};
		EB0AFABF1FD50068007B3628 /* timerUITests */ = {
			isa = PBXGroup;
			children = (
				EB0AFAC01FD50068007B3628 /* timerUITests.swift */,
				EB0AFAC21FD50068007B3628 /* Info.plist */,
			);
			path = timerUITests;
			sourceTree = "<group>";
		};
/* End PBXGroup section */

/* Begin PBXNativeTarget section */
		EB0AFA9C1FD50067007B3628 /* timer */ = {
			isa = PBXNativeTarget;
			buildConfigurationList = EB0AFAC51FD50068007B3628 /* Build configuration list for PBXNativeTarget "timer" */;
			buildPhases = (
				EB0AFA991FD50067007B3628 /* Sources */,
				EB0AFA9A1FD50067007B3628 /* Frameworks */,
				EB0AFA9B1FD50067007B3628 /* Resources */,
			);
			buildRules = (
			);
			dependencies = (
			);
			name = timer;
			productName = timer;
			productReference = EB0AFA9D1FD50067007B3628 /* timer.app */;
			productType = "com.apple.product-type.application";
		};
		EB0AFAB01FD50067007B3628 /* timerTests */ = {
			isa = PBXNativeTarget;
			buildConfigurationList = EB0AFAC81FD50068007B3628 /* Build configuration list for PBXNativeTarget "timerTests" */;
			buildPhases = (
				EB0AFAAD1FD50067007B3628 /* Sources */,
				EB0AFAAE1FD50067007B3628 /* Frameworks */,
				EB0AFAAF1FD50067007B3628 /* Resources */,
			);
			buildRules = (
			);
			dependencies = (
				EB0AFAB31FD50067007B3628 /* PBXTargetDependency */,
			);
			name = timerTests;
			productName = timerTests;
			productReference = EB0AFAB11FD50067007B3628 /* timerTests.xctest */;
			productType = "com.apple.product-type.bundle.unit-test";
		};
		EB0AFABB1FD50068007B3628 /* timerUITests */ = {
			isa = PBXNativeTarget;
			buildConfigurationList = EB0AFACB1FD50068007B3628 /* Build configuration list for PBXNativeTarget "timerUITests" */;
			buildPhases = (
				EB0AFAB81FD50068007B3628 /* Sources */,
				EB0AFAB91FD50068007B3628 /* Frameworks */,
				EB0AFABA1FD50068007B3628 /* Resources */,
			);
			buildRules = (
			);
			dependencies = (
				EB0AFABE1FD50068007B3628 /* PBXTargetDependency */,
			);
			name = timerUITests;
			productName = timerUITests;
			productReference = EB0AFABC1FD50068007B3628 /* timerUITests.xctest */;
			productType = "com.apple.product-type.bundle.ui-testing";
		};
/* End PBXNativeTarget section */

/* Begin PBXProject section */
		EB0AFA951FD50067007B3628 /* Project object */ = {
			isa = PBXProject;
			attributes = {
				LastSwiftUpdateCheck = 0910;
				LastUpgradeCheck = 0910;
				ORGANIZATIONNAME = s1220210;
				TargetAttributes = {
					EB0AFA9C1FD50067007B3628 = {
						CreatedOnToolsVersion = 9.1;
						ProvisioningStyle = Automatic;
					};
					EB0AFAB01FD50067007B3628 = {
						CreatedOnToolsVersion = 9.1;
						ProvisioningStyle = Automatic;
						TestTargetID = EB0AFA9C1FD50067007B3628;
					};
					EB0AFABB1FD50068007B3628 = {
						CreatedOnToolsVersion = 9.1;
						ProvisioningStyle = Automatic;
						TestTargetID = EB0AFA9C1FD50067007B3628;
					};
				};
			};
			buildConfigurationList = EB0AFA981FD50067007B3628 /* Build configuration list for PBXProject "timer" */;
			compatibilityVersion = "Xcode 8.0";
			developmentRegion = en;
			hasScannedForEncodings = 0;
			knownRegions = (
				en,
				Base,
			);
			mainGroup = EB0AFA941FD50067007B3628;
			productRefGroup = EB0AFA9E1FD50067007B3628 /* Products */;
			projectDirPath = "";
			projectRoot = "";
			targets = (
				EB0AFA9C1FD50067007B3628 /* timer */,
				EB0AFAB01FD50067007B3628 /* timerTests */,
				EB0AFABB1FD50068007B3628 /* timerUITests */,
			);
		};
/* End PBXProject section */

/* Begin PBXResourcesBuildPhase section */
		EB0AFA9B1FD50067007B3628 /* Resources */ = {
			isa = PBXResourcesBuildPhase;
			buildActionMask = 2147483647;
			files = (
				EB0AFAAB1FD50067007B3628 /* LaunchScreen.storyboard in Resources */,
				EB0AFAA81FD50067007B3628 /* Assets.xcassets in Resources */,
				EB0AFAA61FD50067007B3628 /* Main.storyboard in Resources */,
			);
			runOnlyForDeploymentPostprocessing = 0;
		};
		EB0AFAAF1FD50067007B3628 /* Resources */ = {
			isa = PBXResourcesBuildPhase;
			buildActionMask = 2147483647;
			files = (
			);
			runOnlyForDeploymentPostprocessing = 0;
		};
		EB0AFABA1FD50068007B3628 /* Resources */ = {
			isa = PBXResourcesBuildPhase;
			buildActionMask = 2147483647;
			files = (
			);
			runOnlyForDeploymentPostprocessing = 0;
		};
/* End PBXResourcesBuildPhase section */

/* Begin PBXSourcesBuildPhase section */
		EB0AFA991FD50067007B3628 /* Sources */ = {
			isa = PBXSourcesBuildPhase;
			buildActionMask = 2147483647;
			files = (
				EB0AFAA31FD50067007B3628 /* ViewController.swift in Sources */,
				EB0AFAA11FD50067007B3628 /* AppDelegate.swift in Sources */,
			);
			runOnlyForDeploymentPostprocessing = 0;
		};
		EB0AFAAD1FD50067007B3628 /* Sources */ = {
			isa = PBXSourcesBuildPhase;
			buildActionMask = 2147483647;
			files = (
				EB0AFAB61FD50068007B3628 /* timerTests.swift in Sources */,
			);
			runOnlyForDeploymentPostprocessing = 0;
		};
		EB0AFAB81FD50068007B3628 /* Sources */ = {
			isa = PBXSourcesBuildPhase;
			buildActionMask = 2147483647;
			files = (
				EB0AFAC11FD50068007B3628 /* timerUITests.swift in Sources */,
			);
			runOnlyForDeploymentPostprocessing = 0;
		};
/* End PBXSourcesBuildPhase section */

/* Begin PBXTargetDependency section */
		EB0AFAB31FD50067007B3628 /* PBXTargetDependency */ = {
			isa = PBXTargetDependency;
			target = EB0AFA9C1FD50067007B3628 /* timer */;
			targetProxy = EB0AFAB21FD50067007B3628 /* PBXContainerItemProxy */;
		};
		EB0AFABE1FD50068007B3628 /* PBXTargetDependency */ = {
			isa = PBXTargetDependency;
			target = EB0AFA9C1FD50067007B3628 /* timer */;
			targetProxy = EB0AFABD1FD50068007B3628 /* PBXContainerItemProxy */;
		};
/* End PBXTargetDependency section */

/* Begin PBXVariantGroup section */
		EB0AFAA41FD50067007B3628 /* Main.storyboard */ = {
			isa = PBXVariantGroup;
			children = (
				EB0AFAA51FD50067007B3628 /* Base */,
			);
			name = Main.storyboard;
			sourceTree = "<group>";
		};
		EB0AFAA91FD50067007B3628 /* LaunchScreen.storyboard */ = {
			isa = PBXVariantGroup;
			children = (
				EB0AFAAA1FD50067007B3628 /* Base */,
			);
			name = LaunchScreen.storyboard;
			sourceTree = "<group>";
		};
/* End PBXVariantGroup section */

/* Begin XCBuildConfiguration section */
		EB0AFAC31FD50068007B3628 /* Debug */ = {
			isa = XCBuildConfiguration;
			buildSettings = {
				ALWAYS_SEARCH_USER_PATHS = NO;
				CLANG_ANALYZER_NONNULL = YES;
				CLANG_ANALYZER_NUMBER_OBJECT_CONVERSION = YES_AGGRESSIVE;
				CLANG_CXX_LANGUAGE_STANDARD = "gnu++14";
				CLANG_CXX_LIBRARY = "libc++";
				CLANG_ENABLE_MODULES = YES;
				CLANG_ENABLE_OBJC_ARC = YES;
				CLANG_WARN_BLOCK_CAPTURE_AUTORELEASING = YES;
				CLANG_WARN_BOOL_CONVERSION = YES;
				CLANG_WARN_COMMA = YES;
				CLANG_WARN_CONSTANT_CONVERSION = YES;
				CLANG_WARN_DIRECT_OBJC_ISA_USAGE = YES_ERROR;
				CLANG_WARN_DOCUMENTATION_COMMENTS = YES;
				CLANG_WARN_EMPTY_BODY = YES;
				CLANG_WARN_ENUM_CONVERSION = YES;
				CLANG_WARN_INFINITE_RECURSION = YES;
				CLANG_WARN_INT_CONVERSION = YES;
				CLANG_WARN_NON_LITERAL_NULL_CONVERSION = YES;
				CLANG_WARN_OBJC_LITERAL_CONVERSION = YES;
				CLANG_WARN_OBJC_ROOT_CLASS = YES_ERROR;
				CLANG_WARN_RANGE_LOOP_ANALYSIS = YES;
				CLANG_WARN_STRICT_PROTOTYPES = YES;
				CLANG_WARN_SUSPICIOUS_MOVE = YES;
				CLANG_WARN_UNGUARDED_AVAILABILITY = YES_AGGRESSIVE;
				CLANG_WARN_UNREACHABLE_CODE = YES;
				CLANG_WARN__DUPLICATE_METHOD_MATCH = YES;
				CODE_SIGN_IDENTITY = "iPhone Developer";
				COPY_PHASE_STRIP = NO;
				DEBUG_INFORMATION_FORMAT = dwarf;
				ENABLE_STRICT_OBJC_MSGSEND = YES;
				ENABLE_TESTABILITY = YES;
				GCC_C_LANGUAGE_STANDARD = gnu11;
				GCC_DYNAMIC_NO_PIC = NO;
				GCC_NO_COMMON_BLOCKS = YES;
				GCC_OPTIMIZATION_LEVEL = 0;
				GCC_PREPROCESSOR_DEFINITIONS = (
					"DEBUG=1",
					"$(inherited)",
				);
				GCC_WARN_64_TO_32_BIT_CONVERSION = YES;
				GCC_WARN_ABOUT_RETURN_TYPE = YES_ERROR;
				GCC_WARN_UNDECLARED_SELECTOR = YES;
				GCC_WARN_UNINITIALIZED_AUTOS = YES_AGGRESSIVE;
				GCC_WARN_UNUSED_FUNCTION = YES;
				GCC_WARN_UNUSED_VARIABLE = YES;
				IPHONEOS_DEPLOYMENT_TARGET = 11.1;
				MTL_ENABLE_DEBUG_INFO = YES;
				ONLY_ACTIVE_ARCH = YES;
				SDKROOT = iphoneos;
				SWIFT_ACTIVE_COMPILATION_CONDITIONS = DEBUG;
				SWIFT_OPTIMIZATION_LEVEL = "-Onone";
			};
			name = Debug;
		};
		EB0AFAC41FD50068007B3628 /* Release */ = {
			isa = XCBuildConfiguration;
			buildSettings = {
				ALWAYS_SEARCH_USER_PATHS = NO;
				CLANG_ANALYZER_NONNULL = YES;
				CLANG_ANALYZER_NUMBER_OBJECT_CONVERSION = YES_AGGRESSIVE;
				CLANG_CXX_LANGUAGE_STANDARD = "gnu++14";
				CLANG_CXX_LIBRARY = "libc++";
				CLANG_ENABLE_MODULES = YES;
				CLANG_ENABLE_OBJC_ARC = YES;
				CLANG_WARN_BLOCK_CAPTURE_AUTORELEASING = YES;
				CLANG_WARN_BOOL_CONVERSION = YES;
				CLANG_WARN_COMMA = YES;
				CLANG_WARN_CONSTANT_CONVERSION = YES;
				CLANG_WARN_DIRECT_OBJC_ISA_USAGE = YES_ERROR;
				CLANG_WARN_DOCUMENTATION_COMMENTS = YES;
				CLANG_WARN_EMPTY_BODY = YES;
				CLANG_WARN_ENUM_CONVERSION = YES;
				CLANG_WARN_INFINITE_RECURSION = YES;
				CLANG_WARN_INT_CONVERSION = YES;
				CLANG_WARN_NON_LITERAL_NULL_CONVERSION = YES;
				CLANG_WARN_OBJC_LITERAL_CONVERSION = YES;
				CLANG_WARN_OBJC_ROOT_CLASS = YES_ERROR;
				CLANG_WARN_RANGE_LOOP_ANALYSIS = YES;
				CLANG_WARN_STRICT_PROTOTYPES = YES;
				CLANG_WARN_SUSPICIOUS_MOVE = YES;
				CLANG_WARN_UNGUARDED_AVAILABILITY = YES_AGGRESSIVE;
				CLANG_WARN_UNREACHABLE_CODE = YES;
				CLANG_WARN__DUPLICATE_METHOD_MATCH = YES;
				CODE_SIGN_IDENTITY = "iPhone Developer";
				COPY_PHASE_STRIP = NO;
				DEBUG_INFORMATION_FORMAT = "dwarf-with-dsym";
				ENABLE_NS_ASSERTIONS = NO;
				ENABLE_STRICT_OBJC_MSGSEND = YES;
				GCC_C_LANGUAGE_STANDARD = gnu11;
				GCC_NO_COMMON_BLOCKS = YES;
				GCC_WARN_64_TO_32_BIT_CONVERSION = YES;
				GCC_WARN_ABOUT_RETURN_TYPE = YES_ERROR;
				GCC_WARN_UNDECLARED_SELECTOR = YES;
				GCC_WARN_UNINITIALIZED_AUTOS = YES_AGGRESSIVE;
				GCC_WARN_UNUSED_FUNCTION = YES;
				GCC_WARN_UNUSED_VARIABLE = YES;
				IPHONEOS_DEPLOYMENT_TARGET = 11.1;
				MTL_ENABLE_DEBUG_INFO = NO;
				SDKROOT = iphoneos;
				SWIFT_OPTIMIZATION_LEVEL = "-Owholemodule";
				VALIDATE_PRODUCT = YES;
			};
			name = Release;
		};
		EB0AFAC61FD50068007B3628 /* Debug */ = {
			isa = XCBuildConfiguration;
			buildSettings = {
				ASSETCATALOG_COMPILER_APPICON_NAME = AppIcon;
				CODE_SIGN_STYLE = Automatic;
				INFOPLIST_FILE = timer/Info.plist;
				LD_RUNPATH_SEARCH_PATHS = "$(inherited) @executable_path/Frameworks";
				PRODUCT_BUNDLE_IDENTIFIER = jp.techacademy.s1220210.timer;
				PRODUCT_NAME = "$(TARGET_NAME)";
				SWIFT_VERSION = 4.0;
				TARGETED_DEVICE_FAMILY = "1,2";
			};
			name = Debug;
		};
		EB0AFAC71FD50068007B3628 /* Release */ = {
			isa = XCBuildConfiguration;
			buildSettings = {
				ASSETCATALOG_COMPILER_APPICON_NAME = AppIcon;
				CODE_SIGN_STYLE = Automatic;
				INFOPLIST_FILE = timer/Info.plist;
				LD_RUNPATH_SEARCH_PATHS = "$(inherited) @executable_path/Frameworks";
				PRODUCT_BUNDLE_IDENTIFIER = jp.techacademy.s1220210.timer;
				PRODUCT_NAME = "$(TARGET_NAME)";
				SWIFT_VERSION = 4.0;
				TARGETED_DEVICE_FAMILY = "1,2";
			};
			name = Release;
		};
		EB0AFAC91FD50068007B3628 /* Debug */ = {
			isa = XCBuildConfiguration;
			buildSettings = {
				ALWAYS_EMBED_SWIFT_STANDARD_LIBRARIES = YES;
				BUNDLE_LOADER = "$(TEST_HOST)";
				CODE_SIGN_STYLE = Automatic;
				INFOPLIST_FILE = timerTests/Info.plist;
				LD_RUNPATH_SEARCH_PATHS = "$(inherited) @executable_path/Frameworks @loader_path/Frameworks";
				PRODUCT_BUNDLE_IDENTIFIER = jp.techacademy.s1220210.timerTests;
				PRODUCT_NAME = "$(TARGET_NAME)";
				SWIFT_VERSION = 4.0;
				TARGETED_DEVICE_FAMILY = "1,2";
				TEST_HOST = "$(BUILT_PRODUCTS_DIR)/timer.app/timer";
			};
			name = Debug;
		};
		EB0AFACA1FD50068007B3628 /* Release */ = {
			isa = XCBuildConfiguration;
			buildSettings = {
				ALWAYS_EMBED_SWIFT_STANDARD_LIBRARIES = YES;
				BUNDLE_LOADER = "$(TEST_HOST)";
				CODE_SIGN_STYLE = Automatic;
				INFOPLIST_FILE = timerTests/Info.plist;
				LD_RUNPATH_SEARCH_PATHS = "$(inherited) @executable_path/Frameworks @loader_path/Frameworks";
				PRODUCT_BUNDLE_IDENTIFIER = jp.techacademy.s1220210.timerTests;
				PRODUCT_NAME = "$(TARGET_NAME)";
				SWIFT_VERSION = 4.0;
				TARGETED_DEVICE_FAMILY = "1,2";
				TEST_HOST = "$(BUILT_PRODUCTS_DIR)/timer.app/timer";
			};
			name = Release;
		};
		EB0AFACC1FD50068007B3628 /* Debug */ = {
			isa = XCBuildConfiguration;
			buildSettings = {
				ALWAYS_EMBED_SWIFT_STANDARD_LIBRARIES = YES;
				CODE_SIGN_STYLE = Automatic;
				INFOPLIST_FILE = timerUITests/Info.plist;
				LD_RUNPATH_SEARCH_PATHS = "$(inherited) @executable_path/Frameworks @loader_path/Frameworks";
				PRODUCT_BUNDLE_IDENTIFIER = jp.techacademy.s1220210.timerUITests;
				PRODUCT_NAME = "$(TARGET_NAME)";
				SWIFT_VERSION = 4.0;
				TARGETED_DEVICE_FAMILY = "1,2";
				TEST_TARGET_NAME = timer;
			};
			name = Debug;
		};
		EB0AFACD1FD50068007B3628 /* Release */ = {
			isa = XCBuildConfiguration;
			buildSettings = {
				ALWAYS_EMBED_SWIFT_STANDARD_LIBRARIES = YES;
				CODE_SIGN_STYLE = Automatic;
				INFOPLIST_FILE = timerUITests/Info.plist;
				LD_RUNPATH_SEARCH_PATHS = "$(inherited) @executable_path/Frameworks @loader_path/Frameworks";
				PRODUCT_BUNDLE_IDENTIFIER = jp.techacademy.s1220210.timerUITests;
				PRODUCT_NAME = "$(TARGET_NAME)";
				SWIFT_VERSION = 4.0;
				TARGETED_DEVICE_FAMILY = "1,2";
				TEST_TARGET_NAME = timer;
			};
			name = Release;
		};
/* End XCBuildConfiguration section */

/* Begin XCConfigurationList section */
		EB0AFA981FD50067007B3628 /* Build configuration list for PBXProject "timer" */ = {
			isa = XCConfigurationList;
			buildConfigurations = (
				EB0AFAC31FD50068007B3628 /* Debug */,
				EB0AFAC41FD50068007B3628 /* Release */,
			);
			defaultConfigurationIsVisible = 0;
			defaultConfigurationName = Release;
		};
		EB0AFAC51FD50068007B3628 /* Build configuration list for PBXNativeTarget "timer" */ = {
			isa = XCConfigurationList;
			buildConfigurations = (
				EB0AFAC61FD50068007B3628 /* Debug */,
				EB0AFAC71FD50068007B3628 /* Release */,
			);
			defaultConfigurationIsVisible = 0;
			defaultConfigurationName = Release;
		};
		EB0AFAC81FD50068007B3628 /* Build configuration list for PBXNativeTarget "timerTests" */ = {
			isa = XCConfigurationList;
			buildConfigurations = (
				EB0AFAC91FD50068007B3628 /* Debug */,
				EB0AFACA1FD50068007B3628 /* Release */,
			);
			defaultConfigurationIsVisible = 0;
			defaultConfigurationName = Release;
		};
		EB0AFACB1FD50068007B3628 /* Build configuration list for PBXNativeTarget "timerUITests" */ = {
			isa = XCConfigurationList;
			buildConfigurations = (
				EB0AFACC1FD50068007B3628 /* Debug */,
				EB0AFACD1FD50068007B3628 /* Release */,
			);
			defaultConfigurationIsVisible = 0;
			defaultConfigurationName = Release;
		};
/* End XCConfigurationList section */
	};
	rootObject = EB0AFA951FD50067007B3628 /* Project object */;
}
